
Microsoft Visual Studio Solution File, Format Version 12.00
# Visual Studio 2013
VisualStudioVersion = 12.0.40629.0
MinimumVisualStudioVersion = 10.0.40219.1
Project("{FAE04EC0-301F-11D3-BF4B-00C04F79EFBC}") = "MergeTextConsole", "MergeTextConsole\MergeTextConsole.csproj", "{56E6D18D-DB81-48B5-87C0-1F7725D6FDA3}"
EndProject
Project("{FAE04EC0-301F-11D3-BF4B-00C04F79EFBC}") = "MergeTextLib", "MErgeTextLib\MergeTextLib.csproj", "{F65F8E97-3D0F-4CE7-8CA5-C4AD9639DDC1}"
EndProject
Project("{FAE04EC0-301F-11D3-BF4B-00C04F79EFBC}") = "MergeTextLibTests", "MergeTextLibTests\MergeTextLibTests.csproj", "{D7CD520E-34D4-4877-8F7F-5DD6AF8A1E42}"
EndProject
Global
	GlobalSection(SolutionConfigurationPlatforms) = preSolution
		Debug|Any CPU = Debug|Any CPU
		Release|Any CPU = Release|Any CPU
	EndGlobalSection
	GlobalSection(ProjectConfigurationPlatforms) = postSolution
		{56E6D18D-DB81-48B5-87C0-1F7725D6FDA3}.Debug|Any CPU.ActiveCfg = Debug|Any CPU
		{56E6D18D-DB81-48B5-87C0-1F7725D6FDA3}.Debug|Any CPU.Build.0 = Debug|Any CPU
		{56E6D18D-DB81-48B5-87C0-1F7725D6FDA3}.Release|Any CPU.ActiveCfg = Release|Any CPU
		{56E6D18D-DB81-48B5-87C0-1F7725D6FDA3}.Release|Any CPU.Build.0 = Release|Any CPU
		{F65F8E97-3D0F-4CE7-8CA5-C4AD9639DDC1}.Debug|Any CPU.ActiveCfg = Debug|Any CPU
		{F65F8E97-3D0F-4CE7-8CA5-C4AD9639DDC1}.Debug|Any CPU.Build.0 = Debug|Any CPU
		{F65F8E97-3D0F-4CE7-8CA5-C4AD9639DDC1}.Release|Any CPU.ActiveCfg = Release|Any CPU
		{F65F8E97-3D0F-4CE7-8CA5-C4AD9639DDC1}.Release|Any CPU.Build.0 = Release|Any CPU
		{D7CD520E-34D4-4877-8F7F-5DD6AF8A1E42}.Debug|Any CPU.ActiveCfg = Debug|Any CPU
		{D7CD520E-34D4-4877-8F7F-5DD6AF8A1E42}.Debug|Any CPU.Build.0 = Debug|Any CPU
		{D7CD520E-34D4-4877-8F7F-5DD6AF8A1E42}.Release|Any CPU.ActiveCfg = Release|Any CPU
		{D7CD520E-34D4-4877-8F7F-5DD6AF8A1E42}.Release|Any CPU.Build.0 = Release|Any CPU
	EndGlobalSection
	GlobalSection(SolutionProperties) = preSolution
		HideSolutionNode = FALSE
	EndGlobalSection
EndGlobal
